// !$*UTF8*$!
{
	archiveVersion = 1;
	classes = {
	};
	objectVersion = 50;
	objects = {

/* Begin PBXBuildFile section */
		D6A1F515247A1D030028668B /* AppDelegate.swift in Sources */ = {isa = PBXBuildFile; fileRef = D6A1F514247A1D030028668B /* AppDelegate.swift */; };
		D6A1F517247A1D030028668B /* SceneDelegate.swift in Sources */ = {isa = PBXBuildFile; fileRef = D6A1F516247A1D030028668B /* SceneDelegate.swift */; };
		D6A1F51A247A1D030028668B /* SwiftUIStoplight.xcdatamodeld in Sources */ = {isa = PBXBuildFile; fileRef = D6A1F518247A1D030028668B /* SwiftUIStoplight.xcdatamodeld */; };
		D6A1F51C247A1D030028668B /* ContentView.swift in Sources */ = {isa = PBXBuildFile; fileRef = D6A1F51B247A1D030028668B /* ContentView.swift */; };
		D6A1F51E247A1D050028668B /* Assets.xcassets in Resources */ = {isa = PBXBuildFile; fileRef = D6A1F51D247A1D050028668B /* Assets.xcassets */; };
		D6A1F521247A1D050028668B /* Preview Assets.xcassets in Resources */ = {isa = PBXBuildFile; fileRef = D6A1F520247A1D050028668B /* Preview Assets.xcassets */; };
		D6A1F524247A1D050028668B /* LaunchScreen.storyboard in Resources */ = {isa = PBXBuildFile; fileRef = D6A1F522247A1D050028668B /* LaunchScreen.storyboard */; };
/* End PBXBuildFile section */

/* Begin PBXFileReference section */
		D6A1F511247A1D030028668B /* SwiftUIStoplight.app */ = {isa = PBXFileReference; explicitFileType = wrapper.application; includeInIndex = 0; path = SwiftUIStoplight.app; sourceTree = BUILT_PRODUCTS_DIR; };
		D6A1F514247A1D030028668B /* AppDelegate.swift */ = {isa = PBXFileReference; lastKnownFileType = sourcecode.swift; path = AppDelegate.swift; sourceTree = "<group>"; };
		D6A1F516247A1D030028668B /* SceneDelegate.swift */ = {isa = PBXFileReference; lastKnownFileType = sourcecode.swift; path = SceneDelegate.swift; sourceTree = "<group>"; };
		D6A1F519247A1D030028668B /* SwiftUIStoplight.xcdatamodel */ = {isa = PBXFileReference; lastKnownFileType = wrapper.xcdatamodel; path = SwiftUIStoplight.xcdatamodel; sourceTree = "<group>"; };
		D6A1F51B247A1D030028668B /* ContentView.swift */ = {isa = PBXFileReference; lastKnownFileType = sourcecode.swift; path = ContentView.swift; sourceTree = "<group>"; };
		D6A1F51D247A1D050028668B /* Assets.xcassets */ = {isa = PBXFileReference; lastKnownFileType = folder.assetcatalog; path = Assets.xcassets; sourceTree = "<group>"; };
		D6A1F520247A1D050028668B /* Preview Assets.xcassets */ = {isa = PBXFileReference; lastKnownFileType = folder.assetcatalog; path = "Preview Assets.xcassets"; sourceTree = "<group>"; };
		D6A1F523247A1D050028668B /* Base */ = {isa = PBXFileReference; lastKnownFileType = file.storyboard; name = Base; path = Base.lproj/LaunchScreen.storyboard; sourceTree = "<group>"; };
		D6A1F525247A1D050028668B /* Info.plist */ = {isa = PBXFileReference; lastKnownFileType = text.plist.xml; path = Info.plist; sourceTree = "<group>"; };
/* End PBXFileReference section */

/* Begin PBXFrameworksBuildPhase section */
		D6A1F50E247A1D030028668B /* Frameworks */ = {
			isa = PBXFrameworksBuildPhase;
			buildActionMask = 2147483647;
			files = (
			);
			runOnlyForDeploymentPostprocessing = 0;
		};
/* End PBXFrameworksBuildPhase section */

/* Begin PBXGroup section */
		D6A1F508247A1D030028668B = {
			isa = PBXGroup;
			children = (
				D6A1F513247A1D030028668B /* SwiftUIStoplight */,
				D6A1F512247A1D030028668B /* Products */,
			);
			sourceTree = "<group>";
		};
		D6A1F512247A1D030028668B /* Products */ = {
			isa = PBXGroup;
			children = (
				D6A1F511247A1D030028668B /* SwiftUIStoplight.app */,
			);
			name = Products;
			sourceTree = "<group>";
		};
		D6A1F513247A1D030028668B /* SwiftUIStoplight */ = {
			isa = PBXGroup;
			children = (
				D6A1F514247A1D030028668B /* AppDelegate.swift */,
				D6A1F516247A1D030028668B /* SceneDelegate.swift */,
				D6A1F51B247A1D030028668B /* ContentView.swift */,
				D6A1F51D247A1D050028668B /* Assets.xcassets */,
				D6A1F522247A1D050028668B /* LaunchScreen.storyboard */,
				D6A1F525247A1D050028668B /* Info.plist */,
				D6A1F518247A1D030028668B /* SwiftUIStoplight.xcdatamodeld */,
				D6A1F51F247A1D050028668B /* Preview Content */,
			);
			path = SwiftUIStoplight;
			sourceTree = "<group>";
		};
		D6A1F51F247A1D050028668B /* Preview Content */ = {
			isa = PBXGroup;
			children = (
				D6A1F520247A1D050028668B /* Preview Assets.xcassets */,
			);
			path = "Preview Content";
			sourceTree = "<group>";
		};
/* End PBXGroup section */

/* Begin PBXNativeTarget section */
		D6A1F510247A1D030028668B /* SwiftUIStoplight */ = {
			isa = PBXNativeTarget;
			buildConfigurationList = D6A1F528247A1D050028668B /* Build configuration list for PBXNativeTarget "SwiftUIStoplight" */;
			buildPhases = (
				D6A1F50D247A1D030028668B /* Sources */,
				D6A1F50E247A1D030028668B /* Frameworks */,
				D6A1F50F247A1D030028668B /* Resources */,
			);
			buildRules = (
			);
			dependencies = (
			);
			name = SwiftUIStoplight;
			productName = SwiftUIStoplight;
			productReference = D6A1F511247A1D030028668B /* SwiftUIStoplight.app */;
			productType = "com.apple.product-type.application";
		};
/* End PBXNativeTarget section */

/* Begin PBXProject section */
		D6A1F509247A1D030028668B /* Project object */ = {
			isa = PBXProject;
			attributes = {
				LastSwiftUpdateCheck = 1130;
				LastUpgradeCheck = 1130;
				ORGANIZATIONNAME = itsababseh;
				TargetAttributes = {
					D6A1F510247A1D030028668B = {
						CreatedOnToolsVersion = 11.3.1;
					};
				};
			};
			buildConfigurationList = D6A1F50C247A1D030028668B /* Build configuration list for PBXProject "SwiftUIStoplight" */;
			compatibilityVersion = "Xcode 9.3";
			developmentRegion = en;
			hasScannedForEncodings = 0;
			knownRegions = (
				en,
				Base,
			);
			mainGroup = D6A1F508247A1D030028668B;
			productRefGroup = D6A1F512247A1D030028668B /* Products */;
			projectDirPath = "";
			projectRoot = "";
			targets = (
				D6A1F510247A1D030028668B /* SwiftUIStoplight */,
			);
		};
/* End PBXProject section */

/* Begin PBXResourcesBuildPhase section */
		D6A1F50F247A1D030028668B /* Resources */ = {
			isa = PBXResourcesBuildPhase;
			buildActionMask = 2147483647;
			files = (
				D6A1F524247A1D050028668B /* LaunchScreen.storyboard in Resources */,
				D6A1F521247A1D050028668B /* Preview Assets.xcassets in Resources */,
				D6A1F51E247A1D050028668B /* Assets.xcassets in Resources */,
			);
			runOnlyForDeploymentPostprocessing = 0;
		};
/* End PBXResourcesBuildPhase section */

/* Begin PBXSourcesBuildPhase section */
		D6A1F50D247A1D030028668B /* Sources */ = {
			isa = PBXSourcesBuildPhase;
			buildActionMask = 2147483647;
			files = (
				D6A1F515247A1D030028668B /* AppDelegate.swift in Sources */,
				D6A1F517247A1D030028668B /* SceneDelegate.swift in Sources */,
				D6A1F51C247A1D030028668B /* ContentView.swift in Sources */,
				D6A1F51A247A1D030028668B /* SwiftUIStoplight.xcdatamodeld in Sources */,
			);
			runOnlyForDeploymentPostprocessing = 0;
		};
/* End PBXSourcesBuildPhase section */

/* Begin PBXVariantGroup section */
		D6A1F522247A1D050028668B /* LaunchScreen.storyboard */ = {
			isa = PBXVariantGroup;
			children = (
				D6A1F523247A1D050028668B /* Base */,
			);
			name = LaunchScreen.storyboard;
			sourceTree = "<group>";
		};
/* End PBXVariantGroup section */

/* Begin XCBuildConfiguration section */
		D6A1F526247A1D050028668B /* Debug */ = {
			isa = XCBuildConfiguration;
			buildSettings = {
				ALWAYS_SEARCH_USER_PATHS = NO;
				CLANG_ANALYZER_NONNULL = YES;
				CLANG_ANALYZER_NUMBER_OBJECT_CONVERSION = YES_AGGRESSIVE;
				CLANG_CXX_LANGUAGE_STANDARD = "gnu++14";
				CLANG_CXX_LIBRARY = "libc++";
				CLANG_ENABLE_MODULES = YES;
				CLANG_ENABLE_OBJC_ARC = YES;
				CLANG_ENABLE_OBJC_WEAK = YES;
				CLANG_WARN_BLOCK_CAPTURE_AUTORELEASING = YES;
				CLANG_WARN_BOOL_CONVERSION = YES;
				CLANG_WARN_COMMA = YES;
				CLANG_WARN_CONSTANT_CONVERSION = YES;
				CLANG_WARN_DEPRECATED_OBJC_IMPLEMENTATIONS = YES;
				CLANG_WARN_DIRECT_OBJC_ISA_USAGE = YES_ERROR;
				CLANG_WARN_DOCUMENTATION_COMMENTS = YES;
				CLANG_WARN_EMPTY_BODY = YES;
				CLANG_WARN_ENUM_CONVERSION = YES;
				CLANG_WARN_INFINITE_RECURSION = YES;
				CLANG_WARN_INT_CONVERSION = YES;
				CLANG_WARN_NON_LITERAL_NULL_CONVERSION = YES;
				CLANG_WARN_OBJC_IMPLICIT_RETAIN_SELF = YES;
				CLANG_WARN_OBJC_LITERAL_CONVERSION = YES;
				CLANG_WARN_OBJC_ROOT_CLASS = YES_ERROR;
				CLANG_WARN_RANGE_LOOP_ANALYSIS = YES;
				CLANG_WARN_STRICT_PROTOTYPES = YES;
				CLANG_WARN_SUSPICIOUS_MOVE = YES;
				CLANG_WARN_UNGUARDED_AVAILABILITY = YES_AGGRESSIVE;
				CLANG_WARN_UNREACHABLE_CODE = YES;
				CLANG_WARN__DUPLICATE_METHOD_MATCH = YES;
				COPY_PHASE_STRIP = NO;
				DEBUG_INFORMATION_FORMAT = dwarf;
				ENABLE_STRICT_OBJC_MSGSEND = YES;
				ENABLE_TESTABILITY = YES;
				GCC_C_LANGUAGE_STANDARD = gnu11;
				GCC_DYNAMIC_NO_PIC = NO;
				GCC_NO_COMMON_BLOCKS = YES;
				GCC_OPTIMIZATION_LEVEL = 0;
				GCC_PREPROCESSOR_DEFINITIONS = (
					"DEBUG=1",
					"$(inherited)",
				);
				GCC_WARN_64_TO_32_BIT_CONVERSION = YES;
				GCC_WARN_ABOUT_RETURN_TYPE = YES_ERROR;
				GCC_WARN_UNDECLARED_SELECTOR = YES;
				GCC_WARN_UNINITIALIZED_AUTOS = YES_AGGRESSIVE;
				GCC_WARN_UNUSED_FUNCTION = YES;
				GCC_WARN_UNUSED_VARIABLE = YES;
				IPHONEOS_DEPLOYMENT_TARGET = 13.2;
				MTL_ENABLE_DEBUG_INFO = INCLUDE_SOURCE;
				MTL_FAST_MATH = YES;
				ONLY_ACTIVE_ARCH = YES;
				SDKROOT = iphoneos;
				SWIFT_ACTIVE_COMPILATION_CONDITIONS = DEBUG;
				SWIFT_OPTIMIZATION_LEVEL = "-Onone";
			};
			name = Debug;
		};
		D6A1F527247A1D050028668B /* Release */ = {
			isa = XCBuildConfiguration;
			buildSettings = {
				ALWAYS_SEARCH_USER_PATHS = NO;
				CLANG_ANALYZER_NONNULL = YES;
				CLANG_ANALYZER_NUMBER_OBJECT_CONVERSION = YES_AGGRESSIVE;
				CLANG_CXX_LANGUAGE_STANDARD = "gnu++14";
				CLANG_CXX_LIBRARY = "libc++";
				CLANG_ENABLE_MODULES = YES;
				CLANG_ENABLE_OBJC_ARC = YES;
				CLANG_ENABLE_OBJC_WEAK = YES;
				CLANG_WARN_BLOCK_CAPTURE_AUTORELEASING = YES;
				CLANG_WARN_BOOL_CONVERSION = YES;
				CLANG_WARN_COMMA = YES;
				CLANG_WARN_CONSTANT_CONVERSION = YES;
				CLANG_WARN_DEPRECATED_OBJC_IMPLEMENTATIONS = YES;
				CLANG_WARN_DIRECT_OBJC_ISA_USAGE = YES_ERROR;
				CLANG_WARN_DOCUMENTATION_COMMENTS = YES;
				CLANG_WARN_EMPTY_BODY = YES;
				CLANG_WARN_ENUM_CONVERSION = YES;
				CLANG_WARN_INFINITE_RECURSION = YES;
				CLANG_WARN_INT_CONVERSION = YES;
				CLANG_WARN_NON_LITERAL_NULL_CONVERSION = YES;
				CLANG_WARN_OBJC_IMPLICIT_RETAIN_SELF = YES;
				CLANG_WARN_OBJC_LITERAL_CONVERSION = YES;
				CLANG_WARN_OBJC_ROOT_CLASS = YES_ERROR;
				CLANG_WARN_RANGE_LOOP_ANALYSIS = YES;
				CLANG_WARN_STRICT_PROTOTYPES = YES;
				CLANG_WARN_SUSPICIOUS_MOVE = YES;
				CLANG_WARN_UNGUARDED_AVAILABILITY = YES_AGGRESSIVE;
				CLANG_WARN_UNREACHABLE_CODE = YES;
				CLANG_WARN__DUPLICATE_METHOD_MATCH = YES;
				COPY_PHASE_STRIP = NO;
				DEBUG_INFORMATION_FORMAT = "dwarf-with-dsym";
				ENABLE_NS_ASSERTIONS = NO;
				ENABLE_STRICT_OBJC_MSGSEND = YES;
				GCC_C_LANGUAGE_STANDARD = gnu11;
				GCC_NO_COMMON_BLOCKS = YES;
				GCC_WARN_64_TO_32_BIT_CONVERSION = YES;
				GCC_WARN_ABOUT_RETURN_TYPE = YES_ERROR;
				GCC_WARN_UNDECLARED_SELECTOR = YES;
				GCC_WARN_UNINITIALIZED_AUTOS = YES_AGGRESSIVE;
				GCC_WARN_UNUSED_FUNCTION = YES;
				GCC_WARN_UNUSED_VARIABLE = YES;
				IPHONEOS_DEPLOYMENT_TARGET = 13.2;
				MTL_ENABLE_DEBUG_INFO = NO;
				MTL_FAST_MATH = YES;
				SDKROOT = iphoneos;
				SWIFT_COMPILATION_MODE = wholemodule;
				SWIFT_OPTIMIZATION_LEVEL = "-O";
				VALIDATE_PRODUCT = YES;
			};
			name = Release;
		};
		D6A1F529247A1D050028668B /* Debug */ = {
			isa = XCBuildConfiguration;
			buildSettings = {
				ASSETCATALOG_COMPILER_APPICON_NAME = AppIcon;
				CODE_SIGN_STYLE = Automatic;
				DEVELOPMENT_ASSET_PATHS = "\"SwiftUIStoplight/Preview Content\"";
				ENABLE_PREVIEWS = YES;
				INFOPLIST_FILE = SwiftUIStoplight/Info.plist;
				LD_RUNPATH_SEARCH_PATHS = (
					"$(inherited)",
					"@executable_path/Frameworks",
				);
				PRODUCT_BUNDLE_IDENTIFIER = ja.SwiftUIStoplight;
				PRODUCT_NAME = "$(TARGET_NAME)";
				SWIFT_VERSION = 5.0;
				TARGETED_DEVICE_FAMILY = "1,2";
			};
			name = Debug;
		};
		D6A1F52A247A1D050028668B /* Release */ = {
			isa = XCBuildConfiguration;
			buildSettings = {
				ASSETCATALOG_COMPILER_APPICON_NAME = AppIcon;
				CODE_SIGN_STYLE = Automatic;
				DEVELOPMENT_ASSET_PATHS = "\"SwiftUIStoplight/Preview Content\"";
				ENABLE_PREVIEWS = YES;
				INFOPLIST_FILE = SwiftUIStoplight/Info.plist;
				LD_RUNPATH_SEARCH_PATHS = (
					"$(inherited)",
					"@executable_path/Frameworks",
				);
				PRODUCT_BUNDLE_IDENTIFIER = ja.SwiftUIStoplight;
				PRODUCT_NAME = "$(TARGET_NAME)";
				SWIFT_VERSION = 5.0;
				TARGETED_DEVICE_FAMILY = "1,2";
			};
			name = Release;
		};
/* End XCBuildConfiguration section */

/* Begin XCConfigurationList section */
		D6A1F50C247A1D030028668B /* Build configuration list for PBXProject "SwiftUIStoplight" */ = {
			isa = XCConfigurationList;
			buildConfigurations = (
				D6A1F526247A1D050028668B /* Debug */,
				D6A1F527247A1D050028668B /* Release */,
			);
			defaultConfigurationIsVisible = 0;
			defaultConfigurationName = Release;
		};
		D6A1F528247A1D050028668B /* Build configuration list for PBXNativeTarget "SwiftUIStoplight" */ = {
			isa = XCConfigurationList;
			buildConfigurations = (
				D6A1F529247A1D050028668B /* Debug */,
				D6A1F52A247A1D050028668B /* Release */,
			);
			defaultConfigurationIsVisible = 0;
			defaultConfigurationName = Release;
		};
/* End XCConfigurationList section */

/* Begin XCVersionGroup section */
		D6A1F518247A1D030028668B /* SwiftUIStoplight.xcdatamodeld */ = {
			isa = XCVersionGroup;
			children = (
				D6A1F519247A1D030028668B /* SwiftUIStoplight.xcdatamodel */,
			);
			currentVersion = D6A1F519247A1D030028668B /* SwiftUIStoplight.xcdatamodel */;
			path = SwiftUIStoplight.xcdatamodeld;
			sourceTree = "<group>";
			versionGroupType = wrapper.xcdatamodel;
		};
/* End XCVersionGroup section */
	};
	rootObject = D6A1F509247A1D030028668B /* Project object */;
}
